
Microsoft Visual Studio Solution File, Format Version 12.00
# Visual Studio 2013
VisualStudioVersion = 12.0.31101.0
MinimumVisualStudioVersion = 10.0.40219.1
Project("{FAE04EC0-301F-11D3-BF4B-00C04F79EFBC}") = "AWSSDK_WP8", "AWSSDK_WP8\AWSSDK_WP8.csproj", "{A92D7561-F511-46D0-8DD4-6242044C6D64}"
EndProject
Project("{FAE04EC0-301F-11D3-BF4B-00C04F79EFBC}") = "AWSSDK_Android", "AWSSDK_Android\AWSSDK_Android.csproj", "{4A459CB4-279E-4626-8ADC-BC8FAEF391B7}"
EndProject
Project("{2150E333-8FDC-42A3-9474-1A3956D46DE8}") = ".nuget", ".nuget", "{0EEF9775-2732-44CC-BE90-E66D73B2F179}"
	ProjectSection(SolutionItems) = preProject
		.nuget\NuGet.Config = .nuget\NuGet.Config
		.nuget\NuGet.exe = .nuget\NuGet.exe
		.nuget\NuGet.targets = .nuget\NuGet.targets
	EndProjectSection
EndProject
Project("{FAE04EC0-301F-11D3-BF4B-00C04F79EFBC}") = "AWSSDK_Core", "AWSSDK_Core\AWSSDK_Core.csproj", "{4E8016CD-33E3-4961-A954-119A623527D4}"
EndProject
Project("{FAE04EC0-301F-11D3-BF4B-00C04F79EFBC}") = "AWSSDK_iOS", "AWSSDK_iOS\AWSSDK_iOS.csproj", "{2509D641-F08E-4DED-A12D-855B056BE831}"
EndProject
Project("{FAE04EC0-301F-11D3-BF4B-00C04F79EFBC}") = "AWSSDK_iOS-Classic", "AWSSDK_iOS-Classic\AWSSDK_iOS-Classic.csproj", "{96BDFD4C-A589-4BFE-8163-E1A50251C354}"
EndProject
Global
	GlobalSection(TeamFoundationVersionControl) = preSolution
		SccNumberOfProjects = 6
		SccEnterpriseProvider = {4CA58AB2-18FA-4F8D-95D4-32DDF27D184C}
		SccTeamFoundationServer = https://tarathegeekgirl.visualstudio.com/defaultcollection
		SccLocalPath0 = .
		SccProjectUniqueName1 = AWSSDK_WP8\\AWSSDK_WP8.csproj
		SccLocalPath1 = AWSSDK_WP8
		SccProjectUniqueName2 = AWSSDK_Android\\AWSSDK_Android.csproj
		SccProjectName2 = AWSSDK_Android
		SccLocalPath2 = AWSSDK_Android
		SccProjectUniqueName3 = AWSSDK_Core\\AWSSDK_Core.csproj
		SccProjectName3 = AWSSDK_Core
		SccLocalPath3 = AWSSDK_Core
		SccProjectUniqueName4 = AWSSDK_iOS-Classic\\AWSSDK_iOS-Classic.csproj
		SccProjectName4 = AWSSDK_iOS-Classic
		SccLocalPath4 = AWSSDK_iOS-Classic
		SccProjectUniqueName5 = AWSSDK_iOS\\AWSSDK_iOS.csproj
		SccProjectName5 = AWSSDK_iOS
		SccLocalPath5 = AWSSDK_iOS
	EndGlobalSection
	GlobalSection(SolutionConfigurationPlatforms) = preSolution
		Debug|Any CPU = Debug|Any CPU
		Debug|ARM = Debug|ARM
		Debug|x64 = Debug|x64
		Debug|x86 = Debug|x86
		Release|Any CPU = Release|Any CPU
		Release|ARM = Release|ARM
		Release|x64 = Release|x64
		Release|x86 = Release|x86
	EndGlobalSection
	GlobalSection(ProjectConfigurationPlatforms) = postSolution
		{A92D7561-F511-46D0-8DD4-6242044C6D64}.Debug|Any CPU.ActiveCfg = Debug|Any CPU
		{A92D7561-F511-46D0-8DD4-6242044C6D64}.Debug|Any CPU.Build.0 = Debug|Any CPU
		{A92D7561-F511-46D0-8DD4-6242044C6D64}.Debug|ARM.ActiveCfg = Debug|ARM
		{A92D7561-F511-46D0-8DD4-6242044C6D64}.Debug|ARM.Build.0 = Debug|ARM
		{A92D7561-F511-46D0-8DD4-6242044C6D64}.Debug|x64.ActiveCfg = Debug|Any CPU
		{A92D7561-F511-46D0-8DD4-6242044C6D64}.Debug|x86.ActiveCfg = Debug|x86
		{A92D7561-F511-46D0-8DD4-6242044C6D64}.Debug|x86.Build.0 = Debug|x86
		{A92D7561-F511-46D0-8DD4-6242044C6D64}.Release|Any CPU.ActiveCfg = Release|Any CPU
		{A92D7561-F511-46D0-8DD4-6242044C6D64}.Release|Any CPU.Build.0 = Release|Any CPU
		{A92D7561-F511-46D0-8DD4-6242044C6D64}.Release|ARM.ActiveCfg = Release|ARM
		{A92D7561-F511-46D0-8DD4-6242044C6D64}.Release|ARM.Build.0 = Release|ARM
		{A92D7561-F511-46D0-8DD4-6242044C6D64}.Release|x64.ActiveCfg = Release|Any CPU
		{A92D7561-F511-46D0-8DD4-6242044C6D64}.Release|x86.ActiveCfg = Release|x86
		{A92D7561-F511-46D0-8DD4-6242044C6D64}.Release|x86.Build.0 = Release|x86
		{4A459CB4-279E-4626-8ADC-BC8FAEF391B7}.Debug|Any CPU.ActiveCfg = Debug|Any CPU
		{4A459CB4-279E-4626-8ADC-BC8FAEF391B7}.Debug|Any CPU.Build.0 = Debug|Any CPU
		{4A459CB4-279E-4626-8ADC-BC8FAEF391B7}.Debug|ARM.ActiveCfg = Debug|Any CPU
		{4A459CB4-279E-4626-8ADC-BC8FAEF391B7}.Debug|x64.ActiveCfg = Debug|Any CPU
		{4A459CB4-279E-4626-8ADC-BC8FAEF391B7}.Debug|x86.ActiveCfg = Debug|Any CPU
		{4A459CB4-279E-4626-8ADC-BC8FAEF391B7}.Release|Any CPU.ActiveCfg = Release|Any CPU
		{4A459CB4-279E-4626-8ADC-BC8FAEF391B7}.Release|Any CPU.Build.0 = Release|Any CPU
		{4A459CB4-279E-4626-8ADC-BC8FAEF391B7}.Release|ARM.ActiveCfg = Release|Any CPU
		{4A459CB4-279E-4626-8ADC-BC8FAEF391B7}.Release|x64.ActiveCfg = Release|Any CPU
		{4A459CB4-279E-4626-8ADC-BC8FAEF391B7}.Release|x86.ActiveCfg = Release|Any CPU
		{4E8016CD-33E3-4961-A954-119A623527D4}.Debug|Any CPU.ActiveCfg = Debug|Any CPU
		{4E8016CD-33E3-4961-A954-119A623527D4}.Debug|Any CPU.Build.0 = Debug|Any CPU
		{4E8016CD-33E3-4961-A954-119A623527D4}.Debug|ARM.ActiveCfg = Debug|Any CPU
		{4E8016CD-33E3-4961-A954-119A623527D4}.Debug|x64.ActiveCfg = Debug|Any CPU
		{4E8016CD-33E3-4961-A954-119A623527D4}.Debug|x86.ActiveCfg = Debug|Any CPU
		{4E8016CD-33E3-4961-A954-119A623527D4}.Release|Any CPU.ActiveCfg = Release|Any CPU
		{4E8016CD-33E3-4961-A954-119A623527D4}.Release|Any CPU.Build.0 = Release|Any CPU
		{4E8016CD-33E3-4961-A954-119A623527D4}.Release|ARM.ActiveCfg = Release|Any CPU
		{4E8016CD-33E3-4961-A954-119A623527D4}.Release|x64.ActiveCfg = Release|Any CPU
		{4E8016CD-33E3-4961-A954-119A623527D4}.Release|x86.ActiveCfg = Release|Any CPU
		{2509D641-F08E-4DED-A12D-855B056BE831}.Debug|Any CPU.ActiveCfg = Debug|Any CPU
		{2509D641-F08E-4DED-A12D-855B056BE831}.Debug|Any CPU.Build.0 = Debug|Any CPU
		{2509D641-F08E-4DED-A12D-855B056BE831}.Debug|ARM.ActiveCfg = Debug|Any CPU
		{2509D641-F08E-4DED-A12D-855B056BE831}.Debug|x64.ActiveCfg = Debug|Any CPU
		{2509D641-F08E-4DED-A12D-855B056BE831}.Debug|x86.ActiveCfg = Debug|Any CPU
		{2509D641-F08E-4DED-A12D-855B056BE831}.Release|Any CPU.ActiveCfg = Release|Any CPU
		{2509D641-F08E-4DED-A12D-855B056BE831}.Release|Any CPU.Build.0 = Release|Any CPU
		{2509D641-F08E-4DED-A12D-855B056BE831}.Release|ARM.ActiveCfg = Release|Any CPU
		{2509D641-F08E-4DED-A12D-855B056BE831}.Release|x64.ActiveCfg = Release|Any CPU
		{2509D641-F08E-4DED-A12D-855B056BE831}.Release|x86.ActiveCfg = Release|Any CPU
		{96BDFD4C-A589-4BFE-8163-E1A50251C354}.Debug|Any CPU.ActiveCfg = Debug|Any CPU
		{96BDFD4C-A589-4BFE-8163-E1A50251C354}.Debug|Any CPU.Build.0 = Debug|Any CPU
		{96BDFD4C-A589-4BFE-8163-E1A50251C354}.Debug|ARM.ActiveCfg = Debug|Any CPU
		{96BDFD4C-A589-4BFE-8163-E1A50251C354}.Debug|x64.ActiveCfg = Debug|Any CPU
		{96BDFD4C-A589-4BFE-8163-E1A50251C354}.Debug|x86.ActiveCfg = Debug|Any CPU
		{96BDFD4C-A589-4BFE-8163-E1A50251C354}.Release|Any CPU.ActiveCfg = Release|Any CPU
		{96BDFD4C-A589-4BFE-8163-E1A50251C354}.Release|Any CPU.Build.0 = Release|Any CPU
		{96BDFD4C-A589-4BFE-8163-E1A50251C354}.Release|ARM.ActiveCfg = Release|Any CPU
		{96BDFD4C-A589-4BFE-8163-E1A50251C354}.Release|x64.ActiveCfg = Release|Any CPU
		{96BDFD4C-A589-4BFE-8163-E1A50251C354}.Release|x86.ActiveCfg = Release|Any CPU
	EndGlobalSection
	GlobalSection(SolutionProperties) = preSolution
		HideSolutionNode = FALSE
	EndGlobalSection
EndGlobal
